// !$*UTF8*$!
{
	archiveVersion = 1;
	classes = {
	};
	objectVersion = 56;
	objects = {

/* Begin PBXBuildFile section */
		AFDC13B9CF597F085C5DF6F1 /* Pods_TensorFlow_Case_Study.framework in Frameworks */ = {isa = PBXBuildFile; fileRef = 924BF12F516C3E53706D5AEA /* Pods_TensorFlow_Case_Study.framework */; };
		D46B88572B4817FC003DE906 /* AppDelegate.swift in Sources */ = {isa = PBXBuildFile; fileRef = D46B88562B4817FC003DE906 /* AppDelegate.swift */; };
		D46B88592B4817FC003DE906 /* SceneDelegate.swift in Sources */ = {isa = PBXBuildFile; fileRef = D46B88582B4817FC003DE906 /* SceneDelegate.swift */; };
		D46B885B2B4817FC003DE906 /* ViewController.swift in Sources */ = {isa = PBXBuildFile; fileRef = D46B885A2B4817FC003DE906 /* ViewController.swift */; };
		D46B88602B4817FD003DE906 /* Assets.xcassets in Resources */ = {isa = PBXBuildFile; fileRef = D46B885F2B4817FD003DE906 /* Assets.xcassets */; };
		D46B88632B4817FD003DE906 /* LaunchScreen.storyboard in Resources */ = {isa = PBXBuildFile; fileRef = D46B88612B4817FD003DE906 /* LaunchScreen.storyboard */; };
		D46B886C2B481DC2003DE906 /* Alamofire in Frameworks */ = {isa = PBXBuildFile; productRef = D46B886B2B481DC2003DE906 /* Alamofire */; };
/* End PBXBuildFile section */

/* Begin PBXFileReference section */
		924BF12F516C3E53706D5AEA /* Pods_TensorFlow_Case_Study.framework */ = {isa = PBXFileReference; explicitFileType = wrapper.framework; includeInIndex = 0; path = Pods_TensorFlow_Case_Study.framework; sourceTree = BUILT_PRODUCTS_DIR; };
		C2103E42E5EE4743496C3DB7 /* Pods-TensorFlow_Case_Study.debug.xcconfig */ = {isa = PBXFileReference; includeInIndex = 1; lastKnownFileType = text.xcconfig; name = "Pods-TensorFlow_Case_Study.debug.xcconfig"; path = "Target Support Files/Pods-TensorFlow_Case_Study/Pods-TensorFlow_Case_Study.debug.xcconfig"; sourceTree = "<group>"; };
		CFEA3B8CD608A92FDF0C076A /* Pods-TensorFlow_Case_Study.release.xcconfig */ = {isa = PBXFileReference; includeInIndex = 1; lastKnownFileType = text.xcconfig; name = "Pods-TensorFlow_Case_Study.release.xcconfig"; path = "Target Support Files/Pods-TensorFlow_Case_Study/Pods-TensorFlow_Case_Study.release.xcconfig"; sourceTree = "<group>"; };
		D46B88532B4817FC003DE906 /* TensorFlow_Case_Study.app */ = {isa = PBXFileReference; explicitFileType = wrapper.application; includeInIndex = 0; path = TensorFlow_Case_Study.app; sourceTree = BUILT_PRODUCTS_DIR; };
		D46B88562B4817FC003DE906 /* AppDelegate.swift */ = {isa = PBXFileReference; lastKnownFileType = sourcecode.swift; path = AppDelegate.swift; sourceTree = "<group>"; };
		D46B88582B4817FC003DE906 /* SceneDelegate.swift */ = {isa = PBXFileReference; lastKnownFileType = sourcecode.swift; path = SceneDelegate.swift; sourceTree = "<group>"; };
		D46B885A2B4817FC003DE906 /* ViewController.swift */ = {isa = PBXFileReference; lastKnownFileType = sourcecode.swift; path = ViewController.swift; sourceTree = "<group>"; };
		D46B885F2B4817FD003DE906 /* Assets.xcassets */ = {isa = PBXFileReference; lastKnownFileType = folder.assetcatalog; path = Assets.xcassets; sourceTree = "<group>"; };
		D46B88622B4817FD003DE906 /* Base */ = {isa = PBXFileReference; lastKnownFileType = file.storyboard; name = Base; path = Base.lproj/LaunchScreen.storyboard; sourceTree = "<group>"; };
		D46B88642B4817FD003DE906 /* Info.plist */ = {isa = PBXFileReference; lastKnownFileType = text.plist.xml; path = Info.plist; sourceTree = "<group>"; };
/* End PBXFileReference section */

/* Begin PBXFrameworksBuildPhase section */
		D46B88502B4817FC003DE906 /* Frameworks */ = {
			isa = PBXFrameworksBuildPhase;
			buildActionMask = 2147483647;
			files = (
				AFDC13B9CF597F085C5DF6F1 /* Pods_TensorFlow_Case_Study.framework in Frameworks */,
				D46B886C2B481DC2003DE906 /* Alamofire in Frameworks */,
			);
			runOnlyForDeploymentPostprocessing = 0;
		};
/* End PBXFrameworksBuildPhase section */

/* Begin PBXGroup section */
		401EA4727F31936C9352424B /* Frameworks */ = {
			isa = PBXGroup;
			children = (
				924BF12F516C3E53706D5AEA /* Pods_TensorFlow_Case_Study.framework */,
			);
			name = Frameworks;
			sourceTree = "<group>";
		};
		A1CC76120410BC3E91545D0D /* Pods */ = {
			isa = PBXGroup;
			children = (
				C2103E42E5EE4743496C3DB7 /* Pods-TensorFlow_Case_Study.debug.xcconfig */,
				CFEA3B8CD608A92FDF0C076A /* Pods-TensorFlow_Case_Study.release.xcconfig */,
			);
			path = Pods;
			sourceTree = "<group>";
		};
		D46B884A2B4817FC003DE906 = {
			isa = PBXGroup;
			children = (
				D46B88552B4817FC003DE906 /* TensorFlow_Case_Study */,
				D46B88542B4817FC003DE906 /* Products */,
				A1CC76120410BC3E91545D0D /* Pods */,
				401EA4727F31936C9352424B /* Frameworks */,
			);
			sourceTree = "<group>";
		};
		D46B88542B4817FC003DE906 /* Products */ = {
			isa = PBXGroup;
			children = (
				D46B88532B4817FC003DE906 /* TensorFlow_Case_Study.app */,
			);
			name = Products;
			sourceTree = "<group>";
		};
		D46B88552B4817FC003DE906 /* TensorFlow_Case_Study */ = {
			isa = PBXGroup;
			children = (
				D46B886E2B481E39003DE906 /* Views */,
				D46B886D2B481E32003DE906 /* Resource */,
				D46B885A2B4817FC003DE906 /* ViewController.swift */,
				D46B885F2B4817FD003DE906 /* Assets.xcassets */,
				D46B88612B4817FD003DE906 /* LaunchScreen.storyboard */,
				D46B88642B4817FD003DE906 /* Info.plist */,
			);
			path = TensorFlow_Case_Study;
			sourceTree = "<group>";
		};
		D46B886D2B481E32003DE906 /* Resource */ = {
			isa = PBXGroup;
			children = (
				D46B88562B4817FC003DE906 /* AppDelegate.swift */,
				D46B88582B4817FC003DE906 /* SceneDelegate.swift */,
			);
			path = Resource;
			sourceTree = "<group>";
		};
		D46B886E2B481E39003DE906 /* Views */ = {
			isa = PBXGroup;
			children = (
			);
			path = Views;
			sourceTree = "<group>";
		};
/* End PBXGroup section */

/* Begin PBXNativeTarget section */
		D46B88522B4817FC003DE906 /* TensorFlow_Case_Study */ = {
			isa = PBXNativeTarget;
			buildConfigurationList = D46B88672B4817FD003DE906 /* Build configuration list for PBXNativeTarget "TensorFlow_Case_Study" */;
			buildPhases = (
				D995C2BC24ACFE1FECA0EC97 /* [CP] Check Pods Manifest.lock */,
				D46B884F2B4817FC003DE906 /* Sources */,
				D46B88502B4817FC003DE906 /* Frameworks */,
				D46B88512B4817FC003DE906 /* Resources */,
			);
			buildRules = (
			);
			dependencies = (
			);
			name = TensorFlow_Case_Study;
			packageProductDependencies = (
				D46B886B2B481DC2003DE906 /* Alamofire */,
			);
			productName = TensorFlow_Case_Study;
			productReference = D46B88532B4817FC003DE906 /* TensorFlow_Case_Study.app */;
			productType = "com.apple.product-type.application";
		};
/* End PBXNativeTarget section */

/* Begin PBXProject section */
		D46B884B2B4817FC003DE906 /* Project object */ = {
			isa = PBXProject;
			attributes = {
				BuildIndependentTargetsInParallel = 1;
				LastSwiftUpdateCheck = 1510;
				LastUpgradeCheck = 1510;
				TargetAttributes = {
					D46B88522B4817FC003DE906 = {
						CreatedOnToolsVersion = 15.1;
					};
				};
			};
			buildConfigurationList = D46B884E2B4817FC003DE906 /* Build configuration list for PBXProject "TensorFlow_Case_Study" */;
			compatibilityVersion = "Xcode 14.0";
			developmentRegion = en;
			hasScannedForEncodings = 0;
			knownRegions = (
				en,
				Base,
			);
			mainGroup = D46B884A2B4817FC003DE906;
			packageReferences = (
				D46B886A2B481DC2003DE906 /* XCRemoteSwiftPackageReference "Alamofire" */,
			);
			productRefGroup = D46B88542B4817FC003DE906 /* Products */;
			projectDirPath = "";
			projectRoot = "";
			targets = (
				D46B88522B4817FC003DE906 /* TensorFlow_Case_Study */,
			);
		};
/* End PBXProject section */

/* Begin PBXResourcesBuildPhase section */
		D46B88512B4817FC003DE906 /* Resources */ = {
			isa = PBXResourcesBuildPhase;
			buildActionMask = 2147483647;
			files = (
				D46B88632B4817FD003DE906 /* LaunchScreen.storyboard in Resources */,
				D46B88602B4817FD003DE906 /* Assets.xcassets in Resources */,
			);
			runOnlyForDeploymentPostprocessing = 0;
		};
/* End PBXResourcesBuildPhase section */

/* Begin PBXShellScriptBuildPhase section */
		D995C2BC24ACFE1FECA0EC97 /* [CP] Check Pods Manifest.lock */ = {
			isa = PBXShellScriptBuildPhase;
			buildActionMask = 2147483647;
			files = (
			);
			inputFileListPaths = (
			);
			inputPaths = (
				"${PODS_PODFILE_DIR_PATH}/Podfile.lock",
				"${PODS_ROOT}/Manifest.lock",
			);
			name = "[CP] Check Pods Manifest.lock";
			outputFileListPaths = (
			);
			outputPaths = (
				"$(DERIVED_FILE_DIR)/Pods-TensorFlow_Case_Study-checkManifestLockResult.txt",
			);
			runOnlyForDeploymentPostprocessing = 0;
			shellPath = /bin/sh;
			shellScript = "diff \"${PODS_PODFILE_DIR_PATH}/Podfile.lock\" \"${PODS_ROOT}/Manifest.lock\" > /dev/null\nif [ $? != 0 ] ; then\n    # print error to STDERR\n    echo \"error: The sandbox is not in sync with the Podfile.lock. Run 'pod install' or update your CocoaPods installation.\" >&2\n    exit 1\nfi\n# This output is used by Xcode 'outputs' to avoid re-running this script phase.\necho \"SUCCESS\" > \"${SCRIPT_OUTPUT_FILE_0}\"\n";
			showEnvVarsInLog = 0;
		};
/* End PBXShellScriptBuildPhase section */

/* Begin PBXSourcesBuildPhase section */
		D46B884F2B4817FC003DE906 /* Sources */ = {
			isa = PBXSourcesBuildPhase;
			buildActionMask = 2147483647;
			files = (
				D46B885B2B4817FC003DE906 /* ViewController.swift in Sources */,
				D46B88572B4817FC003DE906 /* AppDelegate.swift in Sources */,
				D46B88592B4817FC003DE906 /* SceneDelegate.swift in Sources */,
			);
			runOnlyForDeploymentPostprocessing = 0;
		};
/* End PBXSourcesBuildPhase section */

/* Begin PBXVariantGroup section */
		D46B88612B4817FD003DE906 /* LaunchScreen.storyboard */ = {
			isa = PBXVariantGroup;
			children = (
				D46B88622B4817FD003DE906 /* Base */,
			);
			name = LaunchScreen.storyboard;
			sourceTree = "<group>";
		};
/* End PBXVariantGroup section */

/* Begin XCBuildConfiguration section */
		D46B88652B4817FD003DE906 /* Debug */ = {
			isa = XCBuildConfiguration;
			buildSettings = {
				ALWAYS_SEARCH_USER_PATHS = NO;
				ASSETCATALOG_COMPILER_GENERATE_SWIFT_ASSET_SYMBOL_EXTENSIONS = YES;
				CLANG_ANALYZER_NONNULL = YES;
				CLANG_ANALYZER_NUMBER_OBJECT_CONVERSION = YES_AGGRESSIVE;
				CLANG_CXX_LANGUAGE_STANDARD = "gnu++20";
				CLANG_ENABLE_MODULES = YES;
				CLANG_ENABLE_OBJC_ARC = YES;
				CLANG_ENABLE_OBJC_WEAK = YES;
				CLANG_WARN_BLOCK_CAPTURE_AUTORELEASING = YES;
				CLANG_WARN_BOOL_CONVERSION = YES;
				CLANG_WARN_COMMA = YES;
				CLANG_WARN_CONSTANT_CONVERSION = YES;
				CLANG_WARN_DEPRECATED_OBJC_IMPLEMENTATIONS = YES;
				CLANG_WARN_DIRECT_OBJC_ISA_USAGE = YES_ERROR;
				CLANG_WARN_DOCUMENTATION_COMMENTS = YES;
				CLANG_WARN_EMPTY_BODY = YES;
				CLANG_WARN_ENUM_CONVERSION = YES;
				CLANG_WARN_INFINITE_RECURSION = YES;
				CLANG_WARN_INT_CONVERSION = YES;
				CLANG_WARN_NON_LITERAL_NULL_CONVERSION = YES;
				CLANG_WARN_OBJC_IMPLICIT_RETAIN_SELF = YES;
				CLANG_WARN_OBJC_LITERAL_CONVERSION = YES;
				CLANG_WARN_OBJC_ROOT_CLASS = YES_ERROR;
				CLANG_WARN_QUOTED_INCLUDE_IN_FRAMEWORK_HEADER = YES;
				CLANG_WARN_RANGE_LOOP_ANALYSIS = YES;
				CLANG_WARN_STRICT_PROTOTYPES = YES;
				CLANG_WARN_SUSPICIOUS_MOVE = YES;
				CLANG_WARN_UNGUARDED_AVAILABILITY = YES_AGGRESSIVE;
				CLANG_WARN_UNREACHABLE_CODE = YES;
				CLANG_WARN__DUPLICATE_METHOD_MATCH = YES;
				COPY_PHASE_STRIP = NO;
				DEBUG_INFORMATION_FORMAT = dwarf;
				ENABLE_STRICT_OBJC_MSGSEND = YES;
				ENABLE_TESTABILITY = YES;
				ENABLE_USER_SCRIPT_SANDBOXING = YES;
				GCC_C_LANGUAGE_STANDARD = gnu17;
				GCC_DYNAMIC_NO_PIC = NO;
				GCC_NO_COMMON_BLOCKS = YES;
				GCC_OPTIMIZATION_LEVEL = 0;
				GCC_PREPROCESSOR_DEFINITIONS = (
					"DEBUG=1",
					"$(inherited)",
				);
				GCC_WARN_64_TO_32_BIT_CONVERSION = YES;
				GCC_WARN_ABOUT_RETURN_TYPE = YES_ERROR;
				GCC_WARN_UNDECLARED_SELECTOR = YES;
				GCC_WARN_UNINITIALIZED_AUTOS = YES_AGGRESSIVE;
				GCC_WARN_UNUSED_FUNCTION = YES;
				GCC_WARN_UNUSED_VARIABLE = YES;
				IPHONEOS_DEPLOYMENT_TARGET = 17.2;
				LOCALIZATION_PREFERS_STRING_CATALOGS = YES;
				MTL_ENABLE_DEBUG_INFO = INCLUDE_SOURCE;
				MTL_FAST_MATH = YES;
				ONLY_ACTIVE_ARCH = YES;
				SDKROOT = iphoneos;
				SWIFT_ACTIVE_COMPILATION_CONDITIONS = "DEBUG $(inherited)";
				SWIFT_OPTIMIZATION_LEVEL = "-Onone";
			};
			name = Debug;
		};
		D46B88662B4817FD003DE906 /* Release */ = {
			isa = XCBuildConfiguration;
			buildSettings = {
				ALWAYS_SEARCH_USER_PATHS = NO;
				ASSETCATALOG_COMPILER_GENERATE_SWIFT_ASSET_SYMBOL_EXTENSIONS = YES;
				CLANG_ANALYZER_NONNULL = YES;
				CLANG_ANALYZER_NUMBER_OBJECT_CONVERSION = YES_AGGRESSIVE;
				CLANG_CXX_LANGUAGE_STANDARD = "gnu++20";
				CLANG_ENABLE_MODULES = YES;
				CLANG_ENABLE_OBJC_ARC = YES;
				CLANG_ENABLE_OBJC_WEAK = YES;
				CLANG_WARN_BLOCK_CAPTURE_AUTORELEASING = YES;
				CLANG_WARN_BOOL_CONVERSION = YES;
				CLANG_WARN_COMMA = YES;
				CLANG_WARN_CONSTANT_CONVERSION = YES;
				CLANG_WARN_DEPRECATED_OBJC_IMPLEMENTATIONS = YES;
				CLANG_WARN_DIRECT_OBJC_ISA_USAGE = YES_ERROR;
				CLANG_WARN_DOCUMENTATION_COMMENTS = YES;
				CLANG_WARN_EMPTY_BODY = YES;
				CLANG_WARN_ENUM_CONVERSION = YES;
				CLANG_WARN_INFINITE_RECURSION = YES;
				CLANG_WARN_INT_CONVERSION = YES;
				CLANG_WARN_NON_LITERAL_NULL_CONVERSION = YES;
				CLANG_WARN_OBJC_IMPLICIT_RETAIN_SELF = YES;
				CLANG_WARN_OBJC_LITERAL_CONVERSION = YES;
				CLANG_WARN_OBJC_ROOT_CLASS = YES_ERROR;
				CLANG_WARN_QUOTED_INCLUDE_IN_FRAMEWORK_HEADER = YES;
				CLANG_WARN_RANGE_LOOP_ANALYSIS = YES;
				CLANG_WARN_STRICT_PROTOTYPES = YES;
				CLANG_WARN_SUSPICIOUS_MOVE = YES;
				CLANG_WARN_UNGUARDED_AVAILABILITY = YES_AGGRESSIVE;
				CLANG_WARN_UNREACHABLE_CODE = YES;
				CLANG_WARN__DUPLICATE_METHOD_MATCH = YES;
				COPY_PHASE_STRIP = NO;
				DEBUG_INFORMATION_FORMAT = "dwarf-with-dsym";
				ENABLE_NS_ASSERTIONS = NO;
				ENABLE_STRICT_OBJC_MSGSEND = YES;
				ENABLE_USER_SCRIPT_SANDBOXING = YES;
				GCC_C_LANGUAGE_STANDARD = gnu17;
				GCC_NO_COMMON_BLOCKS = YES;
				GCC_WARN_64_TO_32_BIT_CONVERSION = YES;
				GCC_WARN_ABOUT_RETURN_TYPE = YES_ERROR;
				GCC_WARN_UNDECLARED_SELECTOR = YES;
				GCC_WARN_UNINITIALIZED_AUTOS = YES_AGGRESSIVE;
				GCC_WARN_UNUSED_FUNCTION = YES;
				GCC_WARN_UNUSED_VARIABLE = YES;
				IPHONEOS_DEPLOYMENT_TARGET = 17.2;
				LOCALIZATION_PREFERS_STRING_CATALOGS = YES;
				MTL_ENABLE_DEBUG_INFO = NO;
				MTL_FAST_MATH = YES;
				SDKROOT = iphoneos;
				SWIFT_COMPILATION_MODE = wholemodule;
				VALIDATE_PRODUCT = YES;
			};
			name = Release;
		};
		D46B88682B4817FD003DE906 /* Debug */ = {
			isa = XCBuildConfiguration;
			baseConfigurationReference = C2103E42E5EE4743496C3DB7 /* Pods-TensorFlow_Case_Study.debug.xcconfig */;
			buildSettings = {
				ASSETCATALOG_COMPILER_APPICON_NAME = AppIcon;
				ASSETCATALOG_COMPILER_GLOBAL_ACCENT_COLOR_NAME = AccentColor;
				CODE_SIGN_STYLE = Automatic;
				CURRENT_PROJECT_VERSION = 1;
				DEVELOPMENT_TEAM = 373Z282HAT;
				GENERATE_INFOPLIST_FILE = YES;
				INFOPLIST_FILE = TensorFlow_Case_Study/Info.plist;
				INFOPLIST_KEY_UIApplicationSupportsIndirectInputEvents = YES;
				INFOPLIST_KEY_UILaunchStoryboardName = LaunchScreen;
				INFOPLIST_KEY_UIMainStoryboardFile = "";
				INFOPLIST_KEY_UISupportedInterfaceOrientations_iPad = "UIInterfaceOrientationPortrait UIInterfaceOrientationPortraitUpsideDown UIInterfaceOrientationLandscapeLeft UIInterfaceOrientationLandscapeRight";
				INFOPLIST_KEY_UISupportedInterfaceOrientations_iPhone = "UIInterfaceOrientationPortrait UIInterfaceOrientationLandscapeLeft UIInterfaceOrientationLandscapeRight";
				IPHONEOS_DEPLOYMENT_TARGET = 17.0;
				LD_RUNPATH_SEARCH_PATHS = (
					"$(inherited)",
					"@executable_path/Frameworks",
				);
				MARKETING_VERSION = 1.0;
				PRODUCT_BUNDLE_IDENTIFIER = "com.hakanbaran.TensorFlow-Case-Study";
				PRODUCT_NAME = "$(TARGET_NAME)";
				SUPPORTED_PLATFORMS = "iphoneos iphonesimulator";
				SUPPORTS_MACCATALYST = NO;
				SUPPORTS_MAC_DESIGNED_FOR_IPHONE_IPAD = NO;
				SWIFT_EMIT_LOC_STRINGS = YES;
				SWIFT_VERSION = 5.0;
				TARGETED_DEVICE_FAMILY = 1;
			};
			name = Debug;
		};
		D46B88692B4817FD003DE906 /* Release */ = {
			isa = XCBuildConfiguration;
			baseConfigurationReference = CFEA3B8CD608A92FDF0C076A /* Pods-TensorFlow_Case_Study.release.xcconfig */;
			buildSettings = {
				ASSETCATALOG_COMPILER_APPICON_NAME = AppIcon;
				ASSETCATALOG_COMPILER_GLOBAL_ACCENT_COLOR_NAME = AccentColor;
				CODE_SIGN_STYLE = Automatic;
				CURRENT_PROJECT_VERSION = 1;
				DEVELOPMENT_TEAM = 373Z282HAT;
				GENERATE_INFOPLIST_FILE = YES;
				INFOPLIST_FILE = TensorFlow_Case_Study/Info.plist;
				INFOPLIST_KEY_UIApplicationSupportsIndirectInputEvents = YES;
				INFOPLIST_KEY_UILaunchStoryboardName = LaunchScreen;
				INFOPLIST_KEY_UIMainStoryboardFile = "";
				INFOPLIST_KEY_UISupportedInterfaceOrientations_iPad = "UIInterfaceOrientationPortrait UIInterfaceOrientationPortraitUpsideDown UIInterfaceOrientationLandscapeLeft UIInterfaceOrientationLandscapeRight";
				INFOPLIST_KEY_UISupportedInterfaceOrientations_iPhone = "UIInterfaceOrientationPortrait UIInterfaceOrientationLandscapeLeft UIInterfaceOrientationLandscapeRight";
				IPHONEOS_DEPLOYMENT_TARGET = 17.0;
				LD_RUNPATH_SEARCH_PATHS = (
					"$(inherited)",
					"@executable_path/Frameworks",
				);
				MARKETING_VERSION = 1.0;
				PRODUCT_BUNDLE_IDENTIFIER = "com.hakanbaran.TensorFlow-Case-Study";
				PRODUCT_NAME = "$(TARGET_NAME)";
				SUPPORTED_PLATFORMS = "iphoneos iphonesimulator";
				SUPPORTS_MACCATALYST = NO;
				SUPPORTS_MAC_DESIGNED_FOR_IPHONE_IPAD = NO;
				SWIFT_EMIT_LOC_STRINGS = YES;
				SWIFT_VERSION = 5.0;
				TARGETED_DEVICE_FAMILY = 1;
			};
			name = Release;
		};
/* End XCBuildConfiguration section */

/* Begin XCConfigurationList section */
		D46B884E2B4817FC003DE906 /* Build configuration list for PBXProject "TensorFlow_Case_Study" */ = {
			isa = XCConfigurationList;
			buildConfigurations = (
				D46B88652B4817FD003DE906 /* Debug */,
				D46B88662B4817FD003DE906 /* Release */,
			);
			defaultConfigurationIsVisible = 0;
			defaultConfigurationName = Release;
		};
		D46B88672B4817FD003DE906 /* Build configuration list for PBXNativeTarget "TensorFlow_Case_Study" */ = {
			isa = XCConfigurationList;
			buildConfigurations = (
				D46B88682B4817FD003DE906 /* Debug */,
				D46B88692B4817FD003DE906 /* Release */,
			);
			defaultConfigurationIsVisible = 0;
			defaultConfigurationName = Release;
		};
/* End XCConfigurationList section */

/* Begin XCRemoteSwiftPackageReference section */
		D46B886A2B481DC2003DE906 /* XCRemoteSwiftPackageReference "Alamofire" */ = {
			isa = XCRemoteSwiftPackageReference;
			repositoryURL = "https://github.com/Alamofire/Alamofire";
			requirement = {
				kind = upToNextMajorVersion;
				minimumVersion = 5.8.1;
			};
		};
/* End XCRemoteSwiftPackageReference section */

/* Begin XCSwiftPackageProductDependency section */
		D46B886B2B481DC2003DE906 /* Alamofire */ = {
			isa = XCSwiftPackageProductDependency;
			package = D46B886A2B481DC2003DE906 /* XCRemoteSwiftPackageReference "Alamofire" */;
			productName = Alamofire;
		};
/* End XCSwiftPackageProductDependency section */
	};
	rootObject = D46B884B2B4817FC003DE906 /* Project object */;
}
